
Microsoft Visual Studio Solution File, Format Version 12.00
# Visual Studio Version 17
VisualStudioVersion = 17.0.31717.71
MinimumVisualStudioVersion = 10.0.40219.1
Project("{9A19103F-16F7-4668-BE54-9A1E7A4F7556}") = "FruitTrade.Api", "FruitTrade.Api\FruitTrade.Api.csproj", "{02B19D1F-9345-4916-8100-24ECBF4D36A2}"
EndProject
Project("{9A19103F-16F7-4668-BE54-9A1E7A4F7556}") = "FruitTrade.Test", "FruitTrade.Test\FruitTrade.Test.csproj", "{7D565DC0-5960-4F5B-A75F-A73E811E5551}"
EndProject
Global
	GlobalSection(SolutionConfigurationPlatforms) = preSolution
		Debug|Any CPU = Debug|Any CPU
		Debug|x64 = Debug|x64
		Debug|x86 = Debug|x86
		Release|Any CPU = Release|Any CPU
		Release|x64 = Release|x64
		Release|x86 = Release|x86
	EndGlobalSection
	GlobalSection(ProjectConfigurationPlatforms) = postSolution
		{02B19D1F-9345-4916-8100-24ECBF4D36A2}.Debug|Any CPU.ActiveCfg = Debug|Any CPU
		{02B19D1F-9345-4916-8100-24ECBF4D36A2}.Debug|Any CPU.Build.0 = Debug|Any CPU
		{02B19D1F-9345-4916-8100-24ECBF4D36A2}.Debug|x64.ActiveCfg = Debug|Any CPU
		{02B19D1F-9345-4916-8100-24ECBF4D36A2}.Debug|x64.Build.0 = Debug|Any CPU
		{02B19D1F-9345-4916-8100-24ECBF4D36A2}.Debug|x86.ActiveCfg = Debug|Any CPU
		{02B19D1F-9345-4916-8100-24ECBF4D36A2}.Debug|x86.Build.0 = Debug|Any CPU
		{02B19D1F-9345-4916-8100-24ECBF4D36A2}.Release|Any CPU.ActiveCfg = Release|Any CPU
		{02B19D1F-9345-4916-8100-24ECBF4D36A2}.Release|Any CPU.Build.0 = Release|Any CPU
		{02B19D1F-9345-4916-8100-24ECBF4D36A2}.Release|x64.ActiveCfg = Release|Any CPU
		{02B19D1F-9345-4916-8100-24ECBF4D36A2}.Release|x64.Build.0 = Release|Any CPU
		{02B19D1F-9345-4916-8100-24ECBF4D36A2}.Release|x86.ActiveCfg = Release|Any CPU
		{02B19D1F-9345-4916-8100-24ECBF4D36A2}.Release|x86.Build.0 = Release|Any CPU
		{7D565DC0-5960-4F5B-A75F-A73E811E5551}.Debug|Any CPU.ActiveCfg = Debug|Any CPU
		{7D565DC0-5960-4F5B-A75F-A73E811E5551}.Debug|Any CPU.Build.0 = Debug|Any CPU
		{7D565DC0-5960-4F5B-A75F-A73E811E5551}.Debug|x64.ActiveCfg = Debug|Any CPU
		{7D565DC0-5960-4F5B-A75F-A73E811E5551}.Debug|x64.Build.0 = Debug|Any CPU
		{7D565DC0-5960-4F5B-A75F-A73E811E5551}.Debug|x86.ActiveCfg = Debug|Any CPU
		{7D565DC0-5960-4F5B-A75F-A73E811E5551}.Debug|x86.Build.0 = Debug|Any CPU
		{7D565DC0-5960-4F5B-A75F-A73E811E5551}.Release|Any CPU.ActiveCfg = Release|Any CPU
		{7D565DC0-5960-4F5B-A75F-A73E811E5551}.Release|Any CPU.Build.0 = Release|Any CPU
		{7D565DC0-5960-4F5B-A75F-A73E811E5551}.Release|x64.ActiveCfg = Release|Any CPU
		{7D565DC0-5960-4F5B-A75F-A73E811E5551}.Release|x64.Build.0 = Release|Any CPU
		{7D565DC0-5960-4F5B-A75F-A73E811E5551}.Release|x86.ActiveCfg = Release|Any CPU
		{7D565DC0-5960-4F5B-A75F-A73E811E5551}.Release|x86.Build.0 = Release|Any CPU
	EndGlobalSection
	GlobalSection(SolutionProperties) = preSolution
		HideSolutionNode = FALSE
	EndGlobalSection
	GlobalSection(ExtensibilityGlobals) = postSolution
		SolutionGuid = {3716DB5D-4C10-4F9B-BDD5-EC0A9455C934}
	EndGlobalSection
EndGlobal
